<?xml version="1.0" encoding="utf-8"?>
<Project ToolsVersion="4.0" xmlns="http://schemas.microsoft.com/developer/msbuild/2003">
  <ItemGroup>
    <Filter Include="String">
      <UniqueIdentifier>{76b3ab0d-a167-47de-b1da-c6427dbc0a73}</UniqueIdentifier>
    </Filter>
    <Filter Include="General">
      <UniqueIdentifier>{4FC737F1-C7A5-4376-A066-2A32D752A2FF}</UniqueIdentifier>
      <Extensions>cpp;c;cc;cxx;def;odl;idl;hpj;bat;asm;asmx</Extensions>
    </Filter>
    <Filter Include="Hash Functions">
      <UniqueIdentifier>{c92fe7d1-1dc3-4888-af86-516c66bc3cf2}</UniqueIdentifier>
    </Filter>
    <Filter Include="Linear Probing Hash">
      <UniqueIdentifier>{08d89d6c-f35e-4be0-a5af-12fbf3fec07f}</UniqueIdentifier>
    </Filter>
    <Filter Include="Iterator abstraction">
      <UniqueIdentifier>{2311d6fc-14aa-40e6-95fe-a5853599d570}</UniqueIdentifier>
    </Filter>
    <Filter Include="Sequential Lists">
      <UniqueIdentifier>{437e7bdb-8b84-4ff3-8e87-6adc19a695b0}</UniqueIdentifier>
    </Filter>
    <Filter Include="Sequential Lists\Dynamic Array">
      <UniqueIdentifier>{21e76382-635d-451a-a337-099b608610c2}</UniqueIdentifier>
    </Filter>
    <Filter Include="Sequential Lists\Singly Linked List">
      <UniqueIdentifier>{d5adffaf-6800-4dac-aca8-841279eb7cd2}</UniqueIdentifier>
    </Filter>
    <Filter Include="Queue">
      <UniqueIdentifier>{8ab142a6-9d3b-4cdf-9f61-94e966803401}</UniqueIdentifier>
    </Filter>
    <Filter Include="Special Integer">
      <UniqueIdentifier>{e9332475-f4c7-4056-960b-0751001e82b4}</UniqueIdentifier>
    </Filter>
    <Filter Include="Graph">
      <UniqueIdentifier>{d8714b06-cb9b-4664-b3f6-e86ca4c74925}</UniqueIdentifier>
    </Filter>
    <Filter Include="Graph\Vertex">
      <UniqueIdentifier>{67DA6AB6-F800-4c08-8B7A-83BB121AAD01}</UniqueIdentifier>
      <Extensions>rc;ico;cur;bmp;dlg;rc2;rct;bin;rgs;gif;jpg;jpeg;jpe;resx;tiff;tif;png;wav;mfcribbon-ms</Extensions>
    </Filter>
    <Filter Include="Graph\Edge">
      <UniqueIdentifier>{1b2ae734-78e0-4873-aa2c-bd8b00abc457}</UniqueIdentifier>
    </Filter>
    <Filter Include="Type selector">
      <UniqueIdentifier>{55552bf0-7bbb-4c7e-b438-9b83f658275b}</UniqueIdentifier>
    </Filter>
    <Filter Include="Graph\Base Graph">
      <UniqueIdentifier>{b124285f-686f-476f-a3ed-ed840ec5f6f7}</UniqueIdentifier>
    </Filter>
    <Filter Include="Graph\Directed Graph">
      <UniqueIdentifier>{d2dc9907-5c2b-415f-811f-5f902457ba3d}</UniqueIdentifier>
    </Filter>
    <Filter Include="Graph\Undirected Graph">
      <UniqueIdentifier>{584e4b4f-481d-40f5-a2ff-49b320f0e11d}</UniqueIdentifier>
    </Filter>
    <Filter Include="Shortest Path Algorithms">
      <UniqueIdentifier>{77363cfc-fa42-4ff9-a877-24d24d68a3f0}</UniqueIdentifier>
    </Filter>
    <Filter Include="Shortest Path Algorithms\Base">
      <UniqueIdentifier>{6e3b36e8-b437-46ed-8641-38f79efc4b51}</UniqueIdentifier>
    </Filter>
    <Filter Include="Shortest Path Algorithms\Iterative Deepening DFS">
      <UniqueIdentifier>{908a4b4d-e4b0-4b9d-86b1-17a948d1f77d}</UniqueIdentifier>
    </Filter>
    <Filter Include="Shortest Path Algorithms\BFS Shortest">
      <UniqueIdentifier>{fa1fe6e4-a200-4681-b5c8-74144bf3c11b}</UniqueIdentifier>
    </Filter>
    <Filter Include="Graph\ID Accessor">
      <UniqueIdentifier>{3741008b-a860-4820-93a7-81a6395e8c0d}</UniqueIdentifier>
    </Filter>
    <Filter Include="Graph Factory">
      <UniqueIdentifier>{2cfaece5-7666-4718-9100-bf2e08d0c364}</UniqueIdentifier>
    </Filter>
    <Filter Include="Graph Factory\Graph creators">
      <UniqueIdentifier>{ecf1444e-fbc1-4df5-a4bf-67b42df82f66}</UniqueIdentifier>
    </Filter>
    <Filter Include="Graph Factory\Graph creators\Base">
      <UniqueIdentifier>{47cb2a97-0402-4099-af45-1c306a9faf57}</UniqueIdentifier>
    </Filter>
    <Filter Include="Graph Factory\Graph creators\Concrete creator">
      <UniqueIdentifier>{328289bb-f32b-4803-94c0-d4d7428f1eae}</UniqueIdentifier>
    </Filter>
    <Filter Include="Graph Factory\Graph registrator">
      <UniqueIdentifier>{fc7cb4da-6494-4f6b-a7be-34e7426cda02}</UniqueIdentifier>
    </Filter>
    <Filter Include="Graph\Graph Exception">
      <UniqueIdentifier>{1f98aced-94e0-4f87-9848-a149303e3faa}</UniqueIdentifier>
    </Filter>
    <Filter Include="Priority Queue">
      <UniqueIdentifier>{7033932f-1a00-4da2-b5da-e96b252c3e61}</UniqueIdentifier>
    </Filter>
    <Filter Include="Priority Queue\PQ Handle">
      <UniqueIdentifier>{26b65e5d-5722-4631-b307-063ed4868ddc}</UniqueIdentifier>
    </Filter>
    <Filter Include="Shortest Path Algorithms\Dijkstra Algorithm">
      <UniqueIdentifier>{f54c491e-1913-4ef2-9829-39a5e3f2c17b}</UniqueIdentifier>
    </Filter>
    <Filter Include="Greater Than">
      <UniqueIdentifier>{7880c7c5-d4cb-413a-ac8c-d5acde98fd47}</UniqueIdentifier>
    </Filter>
    <Filter Include="File parser">
      <UniqueIdentifier>{d2939c70-f62b-43db-bd45-8ad46ffc5c84}</UniqueIdentifier>
    </Filter>
    <Filter Include="Traits">
      <UniqueIdentifier>{9ea7b6fc-7191-4cf7-89ab-3973a344985d}</UniqueIdentifier>
    </Filter>
    <Filter Include="File parser\FileParserException">
      <UniqueIdentifier>{d2bb7aea-7931-48d8-9fd8-d1331a88c6a7}</UniqueIdentifier>
    </Filter>
    <Filter Include="Graph Builder">
      <UniqueIdentifier>{f9081231-d2a1-4240-a2ef-dee1afea673b}</UniqueIdentifier>
    </Filter>
    <Filter Include="Graph Builder\GraphBuilderException">
      <UniqueIdentifier>{9a08051c-337e-4551-a499-3c3b46f8177d}</UniqueIdentifier>
    </Filter>
  </ItemGroup>
  <ItemGroup>
    <ClCompile Include="main.cpp">
      <Filter>General</Filter>
    </ClCompile>
    <ClCompile Include="String\String.cpp">
      <Filter>String</Filter>
    </ClCompile>
    <ClCompile Include="Graph\Edge\Edge.cpp">
      <Filter>Graph\Edge</Filter>
    </ClCompile>
    <ClCompile Include="Graph\Vertex\Vertex.cpp">
      <Filter>Graph\Vertex</Filter>
    </ClCompile>
    <ClCompile Include="Graph\Base Graph\Graph.cpp">
      <Filter>Graph\Base Graph</Filter>
    </ClCompile>
    <ClCompile Include="Graph\Directed Graph\DirectedGraph.cpp">
      <Filter>Graph\Directed Graph</Filter>
    </ClCompile>
    <ClCompile Include="Graph\Undirected Graph\UndirectedGraph.cpp">
      <Filter>Graph\Undirected Graph</Filter>
    </ClCompile>
    <ClCompile Include="Shortest Path Algorithms\Base\ShortestPathAlgorithm.cpp">
      <Filter>Shortest Path Algorithms\Base</Filter>
    </ClCompile>
    <ClCompile Include="Shortest Path Algorithms\Iterative Deepening DFS\IterativeDeepeningDFS.cpp">
      <Filter>Shortest Path Algorithms\Iterative Deepening DFS</Filter>
    </ClCompile>
    <ClCompile Include="Shortest Path Algorithms\BFS Shortest\BFSShortest.cpp">
      <Filter>Shortest Path Algorithms\BFS Shortest</Filter>
    </ClCompile>
    <ClCompile Include="Graph Factory\Graph creators\Base\GraphCreator.cpp">
      <Filter>Graph Factory\Graph creators\Base</Filter>
    </ClCompile>
    <ClCompile Include="Graph Factory\GraphFactory.cpp">
      <Filter>Graph Factory</Filter>
    </ClCompile>
    <ClCompile Include="Graph\Graph Exception\GraphException.cpp">
      <Filter>Graph\Graph Exception</Filter>
    </ClCompile>
    <ClCompile Include="Priority Queue\Priority Queue Handle\PriorityQueueHandle.cpp">
      <Filter>Priority Queue\PQ Handle</Filter>
    </ClCompile>
    <ClCompile Include="Shortest Path Algorithms\Dijkstra Algorithm\DijkstraAlgorithm.cpp">
      <Filter>Shortest Path Algorithms\Dijkstra Algorithm</Filter>
    </ClCompile>
    <ClCompile Include="File parser\FileParser.cpp">
      <Filter>File parser</Filter>
    </ClCompile>
    <ClCompile Include="File parser\FileParserException\FileParserException.cpp">
      <Filter>File parser\FileParserException</Filter>
    </ClCompile>
    <ClCompile Include="Graph Builder\GraphBuilder.cpp">
      <Filter>Graph Builder</Filter>
    </ClCompile>
    <ClCompile Include="Graph Builder\GraphBuilderException\GraphBuilderException.cpp">
      <Filter>Graph Builder\GraphBuilderException</Filter>
    </ClCompile>
  </ItemGroup>
  <ItemGroup>
    <ClInclude Include="String\String.h">
      <Filter>String</Filter>
    </ClInclude>
    <ClInclude Include="Hash\HashFunction.h">
      <Filter>Hash Functions</Filter>
    </ClInclude>
    <ClInclude Include="Dynamic Array\DArray.h">
      <Filter>Sequential Lists\Dynamic Array</Filter>
    </ClInclude>
    <ClInclude Include="Dynamic Array\DArrayImpl.hpp">
      <Filter>Sequential Lists\Dynamic Array</Filter>
    </ClInclude>
    <ClInclude Include="Hash\Hash.h">
      <Filter>Linear Probing Hash</Filter>
    </ClInclude>
    <ClInclude Include="Hash\HashImpl.hpp">
      <Filter>Linear Probing Hash</Filter>
    </ClInclude>
    <ClInclude Include="Hash\HashFunctionStringSpecialization.h">
      <Filter>Hash Functions</Filter>
    </ClInclude>
    <ClInclude Include="Iterator abstraction\Iterator.h">
      <Filter>Iterator abstraction</Filter>
    </ClInclude>
    <ClInclude Include="Dynamic Array\DArrayIteratorImpl.hpp">
      <Filter>Sequential Lists\Dynamic Array</Filter>
    </ClInclude>
    <ClInclude Include="Singly Linked List\Node.h">
      <Filter>Sequential Lists\Singly Linked List</Filter>
    </ClInclude>
    <ClInclude Include="Singly Linked List\SinglyLinkedList.h">
      <Filter>Sequential Lists\Singly Linked List</Filter>
    </ClInclude>
    <ClInclude Include="Singly Linked List\SinglyLinkedListImpl.hpp">
      <Filter>Sequential Lists\Singly Linked List</Filter>
    </ClInclude>
    <ClInclude Include="Singly Linked List\SinglyLinkedListIterator.h">
      <Filter>Sequential Lists\Singly Linked List</Filter>
    </ClInclude>
    <ClInclude Include="Singly Linked List\SinglyLinkedListIteratorImpl.hpp">
      <Filter>Sequential Lists\Singly Linked List</Filter>
    </ClInclude>
    <ClInclude Include="Queue\Queue.h">
      <Filter>Queue</Filter>
    </ClInclude>
    <ClInclude Include="Queue\QueueImpl.hpp">
      <Filter>Queue</Filter>
    </ClInclude>
    <ClInclude Include="Special Integer\SpecialIntegerImpl.hpp">
      <Filter>Special Integer</Filter>
    </ClInclude>
    <ClInclude Include="Graph\Vertex\Vertex.h">
      <Filter>Graph\Vertex</Filter>
    </ClInclude>
    <ClInclude Include="Graph\Edge\Edge.h">
      <Filter>Graph\Edge</Filter>
    </ClInclude>
    <ClInclude Include="Iterator abstraction\ConstIterator.h">
      <Filter>Iterator abstraction</Filter>
    </ClInclude>
    <ClInclude Include="Graph\Directed Graph\DirectedGraph.h">
      <Filter>Graph\Directed Graph</Filter>
    </ClInclude>
    <ClInclude Include="Graph\Base Graph\Graph.h">
      <Filter>Graph\Base Graph</Filter>
    </ClInclude>
    <ClInclude Include="Graph\Undirected Graph\UndirectedGraph.h">
      <Filter>Graph\Undirected Graph</Filter>
    </ClInclude>
    <ClInclude Include="Shortest Path Algorithms\Base\ShortestPathAlgorithm.h">
      <Filter>Shortest Path Algorithms\Base</Filter>
    </ClInclude>
    <ClInclude Include="Shortest Path Algorithms\Iterative Deepening DFS\IterativeDeepeningDFS.h">
      <Filter>Shortest Path Algorithms\Iterative Deepening DFS</Filter>
    </ClInclude>
    <ClInclude Include="Shortest Path Algorithms\BFS Shortest\BFSShortest.h">
      <Filter>Shortest Path Algorithms\BFS Shortest</Filter>
    </ClInclude>
    <ClInclude Include="Graph\ID Accessor\IDAccessor.h">
      <Filter>Graph\ID Accessor</Filter>
    </ClInclude>
    <ClInclude Include="Graph Factory\Graph creators\Base\GraphCreator.h">
      <Filter>Graph Factory\Graph creators\Base</Filter>
    </ClInclude>
    <ClInclude Include="Graph Factory\Graph creators\Concrete creator\ConcreteGraphCreator.h">
      <Filter>Graph Factory\Graph creators\Concrete creator</Filter>
    </ClInclude>
    <ClInclude Include="Graph Factory\Graph creators\Concrete creator\ConcreteGraphCreatorImpl.hpp">
      <Filter>Graph Factory\Graph creators\Concrete creator</Filter>
    </ClInclude>
    <ClInclude Include="Graph Factory\Graph registrator\GraphRegistrator.h">
      <Filter>Graph Factory\Graph registrator</Filter>
    </ClInclude>
    <ClInclude Include="Graph Factory\GraphFactory.h">
      <Filter>Graph Factory</Filter>
    </ClInclude>
    <ClInclude Include="Graph Factory\Graph registrator\GraphRegistratorImpl.hpp">
      <Filter>Graph Factory\Graph registrator</Filter>
    </ClInclude>
    <ClInclude Include="Graph\Graph Exception\GraphException.h">
      <Filter>Graph\Graph Exception</Filter>
    </ClInclude>
    <ClInclude Include="Special Integer\SpecialInteger.h">
      <Filter>Special Integer</Filter>
    </ClInclude>
    <ClInclude Include="Type selector\TypeSelector.h">
      <Filter>Type selector</Filter>
    </ClInclude>
    <ClInclude Include="Type selector\BaseIteratorSelector.h">
      <Filter>Type selector</Filter>
    </ClInclude>
    <ClInclude Include="Priority Queue\Priority Queue Handle\PriorityQueueHandle.h">
      <Filter>Priority Queue\PQ Handle</Filter>
    </ClInclude>
    <ClInclude Include="Priority Queue\PriorityQueue.h">
      <Filter>Priority Queue</Filter>
    </ClInclude>
    <ClInclude Include="Priority Queue\PriorityQueueImpl.hpp">
      <Filter>Priority Queue</Filter>
    </ClInclude>
    <ClInclude Include="Shortest Path Algorithms\Dijkstra Algorithm\DijkstraAlgorithm.h">
      <Filter>Shortest Path Algorithms\Dijkstra Algorithm</Filter>
    </ClInclude>
    <ClInclude Include="Shortest Path Algorithms\Dijkstra Algorithm\DistanceAccessor.h">
      <Filter>Shortest Path Algorithms\Dijkstra Algorithm</Filter>
    </ClInclude>
    <ClInclude Include="Shortest Path Algorithms\Dijkstra Algorithm\HandleSetter.h">
      <Filter>Shortest Path Algorithms\Dijkstra Algorithm</Filter>
    </ClInclude>
    <ClInclude Include="Greater Than\GreaterThan.h">
      <Filter>Greater Than</Filter>
    </ClInclude>
    <ClInclude Include="File parser\FileParser.h">
      <Filter>File parser</Filter>
    </ClInclude>
    <ClInclude Include="File parser\FileParserImpl.hpp">
      <Filter>File parser</Filter>
    </ClInclude>
    <ClInclude Include="Traits\IsInteger.h">
      <Filter>Traits</Filter>
    </ClInclude>
    <ClInclude Include="File parser\FileParserException\FileParserException.h">
      <Filter>File parser\FileParserException</Filter>
    </ClInclude>
    <ClInclude Include="Graph Builder\GraphBuilder.h">
      <Filter>Graph Builder</Filter>
    </ClInclude>
    <ClInclude Include="Graph Builder\GraphBuilderException\GraphBuilderException.h">
      <Filter>Graph Builder\GraphBuilderException</Filter>
    </ClInclude>
  </ItemGroup>
</Project>