<?xml version="1.0" encoding="utf-8"?>
<Project ToolsVersion="4.0" xmlns="http://schemas.microsoft.com/developer/msbuild/2003">
  <ItemGroup>
    <Filter Include="Vertex">
      <UniqueIdentifier>{67DA6AB6-F800-4c08-8B7A-83BB121AAD01}</UniqueIdentifier>
      <Extensions>rc;ico;cur;bmp;dlg;rc2;rct;bin;rgs;gif;jpg;jpeg;jpe;resx;tiff;tif;png;wav;mfcribbon-ms</Extensions>
    </Filter>
    <Filter Include="Vertex\Adjacency list">
      <UniqueIdentifier>{6e1d151a-d996-495c-84cd-6d206e3b569f}</UniqueIdentifier>
    </Filter>
    <Filter Include="String">
      <UniqueIdentifier>{76b3ab0d-a167-47de-b1da-c6427dbc0a73}</UniqueIdentifier>
    </Filter>
    <Filter Include="General">
      <UniqueIdentifier>{4FC737F1-C7A5-4376-A066-2A32D752A2FF}</UniqueIdentifier>
      <Extensions>cpp;c;cc;cxx;def;odl;idl;hpj;bat;asm;asmx</Extensions>
    </Filter>
    <Filter Include="Hash Functions">
      <UniqueIdentifier>{c92fe7d1-1dc3-4888-af86-516c66bc3cf2}</UniqueIdentifier>
    </Filter>
    <Filter Include="Dynamic Array">
      <UniqueIdentifier>{21e76382-635d-451a-a337-099b608610c2}</UniqueIdentifier>
    </Filter>
    <Filter Include="Linear Probing Hash">
      <UniqueIdentifier>{08d89d6c-f35e-4be0-a5af-12fbf3fec07f}</UniqueIdentifier>
    </Filter>
  </ItemGroup>
  <ItemGroup>
    <ClCompile Include="main.cpp">
      <Filter>General</Filter>
    </ClCompile>
    <ClCompile Include="String\String.cpp">
      <Filter>String</Filter>
    </ClCompile>
  </ItemGroup>
  <ItemGroup>
    <ClInclude Include="Vertex\Adjacency list\ForwardList.h">
      <Filter>Vertex\Adjacency list</Filter>
    </ClInclude>
    <ClInclude Include="Vertex\Adjacency list\ForwardListImpl.hpp">
      <Filter>Vertex\Adjacency list</Filter>
    </ClInclude>
    <ClInclude Include="Vertex\Adjacency list\ForwardListIterator.h">
      <Filter>Vertex\Adjacency list</Filter>
    </ClInclude>
    <ClInclude Include="Vertex\Adjacency list\ForwardListIteratorImpl.hpp">
      <Filter>Vertex\Adjacency list</Filter>
    </ClInclude>
    <ClInclude Include="Vertex\Adjacency list\Node.h">
      <Filter>Vertex\Adjacency list</Filter>
    </ClInclude>
    <ClInclude Include="Vertex\Adjacency list\NodeImpl.hpp">
      <Filter>Vertex\Adjacency list</Filter>
    </ClInclude>
    <ClInclude Include="String\String.h">
      <Filter>String</Filter>
    </ClInclude>
    <ClInclude Include="Hash\HashFunction.h">
      <Filter>Hash Functions</Filter>
    </ClInclude>
    <ClInclude Include="Dynamic Array\DArray.h">
      <Filter>Dynamic Array</Filter>
    </ClInclude>
    <ClInclude Include="Dynamic Array\DArrayImpl.hpp">
      <Filter>Dynamic Array</Filter>
    </ClInclude>
    <ClInclude Include="Hash.h">
      <Filter>Linear Probing Hash</Filter>
    </ClInclude>
  </ItemGroup>
</Project>