
Microsoft Visual Studio Solution File, Format Version 12.00
# Visual Studio 14
VisualStudioVersion = 14.0.25420.1
MinimumVisualStudioVersion = 10.0.40219.1
Project("{8BC9CEB8-8B4A-11D0-8D11-00A0C91BC942}") = "Graph store", "Graph store\Graph store.vcxproj", "{BC218456-C927-49DD-B490-5773A46C884F}"
EndProject
Project("{8BC9CEB8-8B4A-11D0-8D11-00A0C91BC942}") = "Hash Test", "Hash Test\Hash Test.vcxproj", "{EBFAE95E-BF5D-4178-A5E0-BF36C06B5EEF}"
EndProject
Global
	GlobalSection(SolutionConfigurationPlatforms) = preSolution
		Debug|x64 = Debug|x64
		Debug|x86 = Debug|x86
		Release|x64 = Release|x64
		Release|x86 = Release|x86
	EndGlobalSection
	GlobalSection(ProjectConfigurationPlatforms) = postSolution
		{BC218456-C927-49DD-B490-5773A46C884F}.Debug|x64.ActiveCfg = Debug|x64
		{BC218456-C927-49DD-B490-5773A46C884F}.Debug|x64.Build.0 = Debug|x64
		{BC218456-C927-49DD-B490-5773A46C884F}.Debug|x86.ActiveCfg = Debug|Win32
		{BC218456-C927-49DD-B490-5773A46C884F}.Debug|x86.Build.0 = Debug|Win32
		{BC218456-C927-49DD-B490-5773A46C884F}.Release|x64.ActiveCfg = Release|x64
		{BC218456-C927-49DD-B490-5773A46C884F}.Release|x64.Build.0 = Release|x64
		{BC218456-C927-49DD-B490-5773A46C884F}.Release|x86.ActiveCfg = Release|Win32
		{BC218456-C927-49DD-B490-5773A46C884F}.Release|x86.Build.0 = Release|Win32
		{EBFAE95E-BF5D-4178-A5E0-BF36C06B5EEF}.Debug|x64.ActiveCfg = Debug|x64
		{EBFAE95E-BF5D-4178-A5E0-BF36C06B5EEF}.Debug|x64.Build.0 = Debug|x64
		{EBFAE95E-BF5D-4178-A5E0-BF36C06B5EEF}.Debug|x86.ActiveCfg = Debug|Win32
		{EBFAE95E-BF5D-4178-A5E0-BF36C06B5EEF}.Debug|x86.Build.0 = Debug|Win32
		{EBFAE95E-BF5D-4178-A5E0-BF36C06B5EEF}.Release|x64.ActiveCfg = Release|x64
		{EBFAE95E-BF5D-4178-A5E0-BF36C06B5EEF}.Release|x64.Build.0 = Release|x64
		{EBFAE95E-BF5D-4178-A5E0-BF36C06B5EEF}.Release|x86.ActiveCfg = Release|Win32
		{EBFAE95E-BF5D-4178-A5E0-BF36C06B5EEF}.Release|x86.Build.0 = Release|Win32
	EndGlobalSection
	GlobalSection(SolutionProperties) = preSolution
		HideSolutionNode = FALSE
	EndGlobalSection
EndGlobal
